// !$*UTF8*$!
{
	archiveVersion = 1;
	classes = {
	};
	objectVersion = 46;
	objects = {

/* Begin PBXBuildFile section */
		8C471DAD1CDA1EB400162AC2 /* AppDelegate.swift in Sources */ = {isa = PBXBuildFile; fileRef = 8C471DAC1CDA1EB400162AC2 /* AppDelegate.swift */; };
		8C471DAF1CDA1EB400162AC2 /* ViewController.swift in Sources */ = {isa = PBXBuildFile; fileRef = 8C471DAE1CDA1EB400162AC2 /* ViewController.swift */; };
		8C471DB21CDA1EB400162AC2 /* Main.storyboard in Resources */ = {isa = PBXBuildFile; fileRef = 8C471DB01CDA1EB400162AC2 /* Main.storyboard */; };
		8C471DB41CDA1EB400162AC2 /* Assets.xcassets in Resources */ = {isa = PBXBuildFile; fileRef = 8C471DB31CDA1EB400162AC2 /* Assets.xcassets */; };
		8C471DB71CDA1EB400162AC2 /* LaunchScreen.storyboard in Resources */ = {isa = PBXBuildFile; fileRef = 8C471DB51CDA1EB400162AC2 /* LaunchScreen.storyboard */; };
		8CE643BB1CDA3144003138B6 /* CustomCollectionViewController.swift in Sources */ = {isa = PBXBuildFile; fileRef = 8CE643BA1CDA3144003138B6 /* CustomCollectionViewController.swift */; };
/* End PBXBuildFile section */

/* Begin PBXFileReference section */
		8C471DA91CDA1EB400162AC2 /* CollectionViewSample.app */ = {isa = PBXFileReference; explicitFileType = wrapper.application; includeInIndex = 0; path = CollectionViewSample.app; sourceTree = BUILT_PRODUCTS_DIR; };
		8C471DAC1CDA1EB400162AC2 /* AppDelegate.swift */ = {isa = PBXFileReference; lastKnownFileType = sourcecode.swift; path = AppDelegate.swift; sourceTree = "<group>"; };
		8C471DAE1CDA1EB400162AC2 /* ViewController.swift */ = {isa = PBXFileReference; lastKnownFileType = sourcecode.swift; path = ViewController.swift; sourceTree = "<group>"; };
		8C471DB11CDA1EB400162AC2 /* Base */ = {isa = PBXFileReference; lastKnownFileType = file.storyboard; name = Base; path = Base.lproj/Main.storyboard; sourceTree = "<group>"; };
		8C471DB31CDA1EB400162AC2 /* Assets.xcassets */ = {isa = PBXFileReference; lastKnownFileType = folder.assetcatalog; path = Assets.xcassets; sourceTree = "<group>"; };
		8C471DB61CDA1EB400162AC2 /* Base */ = {isa = PBXFileReference; lastKnownFileType = file.storyboard; name = Base; path = Base.lproj/LaunchScreen.storyboard; sourceTree = "<group>"; };
		8C471DB81CDA1EB400162AC2 /* Info.plist */ = {isa = PBXFileReference; lastKnownFileType = text.plist.xml; path = Info.plist; sourceTree = "<group>"; };
		8CE643BA1CDA3144003138B6 /* CustomCollectionViewController.swift */ = {isa = PBXFileReference; fileEncoding = 4; lastKnownFileType = sourcecode.swift; name = CustomCollectionViewController.swift; path = ../CustomCollectionViewController.swift; sourceTree = "<group>"; };
/* End PBXFileReference section */

/* Begin PBXFrameworksBuildPhase section */
		8C471DA61CDA1EB400162AC2 /* Frameworks */ = {
			isa = PBXFrameworksBuildPhase;
			buildActionMask = 2147483647;
			files = (
			);
			runOnlyForDeploymentPostprocessing = 0;
		};
/* End PBXFrameworksBuildPhase section */

/* Begin PBXGroup section */
		8C471DA01CDA1EB400162AC2 = {
			isa = PBXGroup;
			children = (
				8C471DAB1CDA1EB400162AC2 /* CollectionViewSample */,
				8C471DAA1CDA1EB400162AC2 /* Products */,
			);
			sourceTree = "<group>";
		};
		8C471DAA1CDA1EB400162AC2 /* Products */ = {
			isa = PBXGroup;
			children = (
				8C471DA91CDA1EB400162AC2 /* CollectionViewSample.app */,
			);
			name = Products;
			sourceTree = "<group>";
		};
		8C471DAB1CDA1EB400162AC2 /* CollectionViewSample */ = {
			isa = PBXGroup;
			children = (
				8C471DAC1CDA1EB400162AC2 /* AppDelegate.swift */,
				8C471DB31CDA1EB400162AC2 /* Assets.xcassets */,
				8C471DB81CDA1EB400162AC2 /* Info.plist */,
				8C471DB51CDA1EB400162AC2 /* LaunchScreen.storyboard */,
				8C471DB01CDA1EB400162AC2 /* Main.storyboard */,
				8CE643BA1CDA3144003138B6 /* CustomCollectionViewController.swift */,
				8C471DAE1CDA1EB400162AC2 /* ViewController.swift */,
			);
			path = CollectionViewSample;
			sourceTree = "<group>";
		};
/* End PBXGroup section */

/* Begin PBXNativeTarget section */
		8C471DA81CDA1EB400162AC2 /* CollectionViewSample */ = {
			isa = PBXNativeTarget;
			buildConfigurationList = 8C471DBB1CDA1EB400162AC2 /* Build configuration list for PBXNativeTarget "CollectionViewSample" */;
			buildPhases = (
				8C471DA51CDA1EB400162AC2 /* Sources */,
				8C471DA61CDA1EB400162AC2 /* Frameworks */,
				8C471DA71CDA1EB400162AC2 /* Resources */,
			);
			buildRules = (
			);
			dependencies = (
			);
			name = CollectionViewSample;
			productName = CollectionViewSample;
			productReference = 8C471DA91CDA1EB400162AC2 /* CollectionViewSample.app */;
			productType = "com.apple.product-type.application";
		};
/* End PBXNativeTarget section */

/* Begin PBXProject section */
		8C471DA11CDA1EB400162AC2 /* Project object */ = {
			isa = PBXProject;
			attributes = {
				LastSwiftUpdateCheck = 0730;
				LastUpgradeCheck = 0730;
				ORGANIZATIONNAME = HayashidaKazumi;
				TargetAttributes = {
					8C471DA81CDA1EB400162AC2 = {
						CreatedOnToolsVersion = 7.3.1;
						DevelopmentTeam = 7TF3W4XFL2;
					};
				};
			};
			buildConfigurationList = 8C471DA41CDA1EB400162AC2 /* Build configuration list for PBXProject "CollectionViewSample" */;
			compatibilityVersion = "Xcode 3.2";
			developmentRegion = English;
			hasScannedForEncodings = 0;
			knownRegions = (
				en,
				Base,
			);
			mainGroup = 8C471DA01CDA1EB400162AC2;
			productRefGroup = 8C471DAA1CDA1EB400162AC2 /* Products */;
			projectDirPath = "";
			projectRoot = "";
			targets = (
				8C471DA81CDA1EB400162AC2 /* CollectionViewSample */,
			);
		};
/* End PBXProject section */

/* Begin PBXResourcesBuildPhase section */
		8C471DA71CDA1EB400162AC2 /* Resources */ = {
			isa = PBXResourcesBuildPhase;
			buildActionMask = 2147483647;
			files = (
				8C471DB71CDA1EB400162AC2 /* LaunchScreen.storyboard in Resources */,
				8C471DB41CDA1EB400162AC2 /* Assets.xcassets in Resources */,
				8C471DB21CDA1EB400162AC2 /* Main.storyboard in Resources */,
			);
			runOnlyForDeploymentPostprocessing = 0;
		};
/* End PBXResourcesBuildPhase section */

/* Begin PBXSourcesBuildPhase section */
		8C471DA51CDA1EB400162AC2 /* Sources */ = {
			isa = PBXSourcesBuildPhase;
			buildActionMask = 2147483647;
			files = (
				8C471DAF1CDA1EB400162AC2 /* ViewController.swift in Sources */,
				8C471DAD1CDA1EB400162AC2 /* AppDelegate.swift in Sources */,
				8CE643BB1CDA3144003138B6 /* CustomCollectionViewController.swift in Sources */,
			);
			runOnlyForDeploymentPostprocessing = 0;
		};
/* End PBXSourcesBuildPhase section */

/* Begin PBXVariantGroup section */
		8C471DB01CDA1EB400162AC2 /* Main.storyboard */ = {
			isa = PBXVariantGroup;
			children = (
				8C471DB11CDA1EB400162AC2 /* Base */,
			);
			name = Main.storyboard;
			sourceTree = "<group>";
		};
		8C471DB51CDA1EB400162AC2 /* LaunchScreen.storyboard */ = {
			isa = PBXVariantGroup;
			children = (
				8C471DB61CDA1EB400162AC2 /* Base */,
			);
			name = LaunchScreen.storyboard;
			sourceTree = "<group>";
		};
/* End PBXVariantGroup section */

/* Begin XCBuildConfiguration section */
		8C471DB91CDA1EB400162AC2 /* Debug */ = {
			isa = XCBuildConfiguration;
			buildSettings = {
				ALWAYS_SEARCH_USER_PATHS = NO;
				CLANG_ANALYZER_NONNULL = YES;
				CLANG_CXX_LANGUAGE_STANDARD = "gnu++0x";
				CLANG_CXX_LIBRARY = "libc++";
				CLANG_ENABLE_MODULES = YES;
				CLANG_ENABLE_OBJC_ARC = YES;
				CLANG_WARN_BOOL_CONVERSION = YES;
				CLANG_WARN_CONSTANT_CONVERSION = YES;
				CLANG_WARN_DIRECT_OBJC_ISA_USAGE = YES_ERROR;
				CLANG_WARN_EMPTY_BODY = YES;
				CLANG_WARN_ENUM_CONVERSION = YES;
				CLANG_WARN_INT_CONVERSION = YES;
				CLANG_WARN_OBJC_ROOT_CLASS = YES_ERROR;
				CLANG_WARN_UNREACHABLE_CODE = YES;
				CLANG_WARN__DUPLICATE_METHOD_MATCH = YES;
				"CODE_SIGN_IDENTITY[sdk=iphoneos*]" = "iPhone Developer";
				COPY_PHASE_STRIP = NO;
				DEBUG_INFORMATION_FORMAT = dwarf;
				ENABLE_STRICT_OBJC_MSGSEND = YES;
				ENABLE_TESTABILITY = YES;
				GCC_C_LANGUAGE_STANDARD = gnu99;
				GCC_DYNAMIC_NO_PIC = NO;
				GCC_NO_COMMON_BLOCKS = YES;
				GCC_OPTIMIZATION_LEVEL = 0;
				GCC_PREPROCESSOR_DEFINITIONS = (
					"DEBUG=1",
					"$(inherited)",
				);
				GCC_WARN_64_TO_32_BIT_CONVERSION = YES;
				GCC_WARN_ABOUT_RETURN_TYPE = YES_ERROR;
				GCC_WARN_UNDECLARED_SELECTOR = YES;
				GCC_WARN_UNINITIALIZED_AUTOS = YES_AGGRESSIVE;
				GCC_WARN_UNUSED_FUNCTION = YES;
				GCC_WARN_UNUSED_VARIABLE = YES;
				IPHONEOS_DEPLOYMENT_TARGET = 9.3;
				MTL_ENABLE_DEBUG_INFO = YES;
				ONLY_ACTIVE_ARCH = YES;
				SDKROOT = iphoneos;
				SWIFT_OPTIMIZATION_LEVEL = "-Onone";
			};
			name = Debug;
		};
		8C471DBA1CDA1EB400162AC2 /* Release */ = {
			isa = XCBuildConfiguration;
			buildSettings = {
				ALWAYS_SEARCH_USER_PATHS = NO;
				CLANG_ANALYZER_NONNULL = YES;
				CLANG_CXX_LANGUAGE_STANDARD = "gnu++0x";
				CLANG_CXX_LIBRARY = "libc++";
				CLANG_ENABLE_MODULES = YES;
				CLANG_ENABLE_OBJC_ARC = YES;
				CLANG_WARN_BOOL_CONVERSION = YES;
				CLANG_WARN_CONSTANT_CONVERSION = YES;
				CLANG_WARN_DIRECT_OBJC_ISA_USAGE = YES_ERROR;
				CLANG_WARN_EMPTY_BODY = YES;
				CLANG_WARN_ENUM_CONVERSION = YES;
				CLANG_WARN_INT_CONVERSION = YES;
				CLANG_WARN_OBJC_ROOT_CLASS = YES_ERROR;
				CLANG_WARN_UNREACHABLE_CODE = YES;
				CLANG_WARN__DUPLICATE_METHOD_MATCH = YES;
				"CODE_SIGN_IDENTITY[sdk=iphoneos*]" = "iPhone Developer";
				COPY_PHASE_STRIP = NO;
				DEBUG_INFORMATION_FORMAT = "dwarf-with-dsym";
				ENABLE_NS_ASSERTIONS = NO;
				ENABLE_STRICT_OBJC_MSGSEND = YES;
				GCC_C_LANGUAGE_STANDARD = gnu99;
				GCC_NO_COMMON_BLOCKS = YES;
				GCC_WARN_64_TO_32_BIT_CONVERSION = YES;
				GCC_WARN_ABOUT_RETURN_TYPE = YES_ERROR;
				GCC_WARN_UNDECLARED_SELECTOR = YES;
				GCC_WARN_UNINITIALIZED_AUTOS = YES_AGGRESSIVE;
				GCC_WARN_UNUSED_FUNCTION = YES;
				GCC_WARN_UNUSED_VARIABLE = YES;
				IPHONEOS_DEPLOYMENT_TARGET = 9.3;
				MTL_ENABLE_DEBUG_INFO = NO;
				SDKROOT = iphoneos;
				VALIDATE_PRODUCT = YES;
			};
			name = Release;
		};
		8C471DBC1CDA1EB400162AC2 /* Debug */ = {
			isa = XCBuildConfiguration;
			buildSettings = {
				ASSETCATALOG_COMPILER_APPICON_NAME = AppIcon;
				CODE_SIGN_IDENTITY = "iPhone Developer";
				"CODE_SIGN_IDENTITY[sdk=iphoneos*]" = "iPhone Developer";
				INFOPLIST_FILE = CollectionViewSample/Info.plist;
				IPHONEOS_DEPLOYMENT_TARGET = 9.1;
				LD_RUNPATH_SEARCH_PATHS = "$(inherited) @executable_path/Frameworks";
				PRODUCT_BUNDLE_IDENTIFIER = com.markfour.CollectionViewSample;
				PRODUCT_NAME = "$(TARGET_NAME)";
				PROVISIONING_PROFILE = "";
			};
			name = Debug;
		};
		8C471DBD1CDA1EB400162AC2 /* Release */ = {
			isa = XCBuildConfiguration;
			buildSettings = {
				ASSETCATALOG_COMPILER_APPICON_NAME = AppIcon;
				CODE_SIGN_IDENTITY = "iPhone Developer";
				"CODE_SIGN_IDENTITY[sdk=iphoneos*]" = "iPhone Developer";
				INFOPLIST_FILE = CollectionViewSample/Info.plist;
				IPHONEOS_DEPLOYMENT_TARGET = 9.1;
				LD_RUNPATH_SEARCH_PATHS = "$(inherited) @executable_path/Frameworks";
				PRODUCT_BUNDLE_IDENTIFIER = com.markfour.CollectionViewSample;
				PRODUCT_NAME = "$(TARGET_NAME)";
				PROVISIONING_PROFILE = "";
			};
			name = Release;
		};
/* End XCBuildConfiguration section */

/* Begin XCConfigurationList section */
		8C471DA41CDA1EB400162AC2 /* Build configuration list for PBXProject "CollectionViewSample" */ = {
			isa = XCConfigurationList;
			buildConfigurations = (
				8C471DB91CDA1EB400162AC2 /* Debug */,
				8C471DBA1CDA1EB400162AC2 /* Release */,
			);
			defaultConfigurationIsVisible = 0;
			defaultConfigurationName = Release;
		};
		8C471DBB1CDA1EB400162AC2 /* Build configuration list for PBXNativeTarget "CollectionViewSample" */ = {
			isa = XCConfigurationList;
			buildConfigurations = (
				8C471DBC1CDA1EB400162AC2 /* Debug */,
				8C471DBD1CDA1EB400162AC2 /* Release */,
			);
			defaultConfigurationIsVisible = 0;
			defaultConfigurationName = Release;
		};
/* End XCConfigurationList section */
	};
	rootObject = 8C471DA11CDA1EB400162AC2 /* Project object */;
}
